// !$*UTF8*$!
{
	archiveVersion = 1;
	classes = {
	};
	objectVersion = 46;
	objects = {

/* Begin PBXBuildFile section */
		A2DEADEB1B9FE68600EDCCBA /* main.m in Sources */ = {isa = PBXBuildFile; fileRef = A2DEADEA1B9FE68600EDCCBA /* main.m */; };
		A2DEADEE1B9FE68600EDCCBA /* AppDelegate.m in Sources */ = {isa = PBXBuildFile; fileRef = A2DEADED1B9FE68600EDCCBA /* AppDelegate.m */; };
		A2DEADF11B9FE68600EDCCBA /* ViewController.m in Sources */ = {isa = PBXBuildFile; fileRef = A2DEADF01B9FE68600EDCCBA /* ViewController.m */; };
		A2DEADF41B9FE68600EDCCBA /* Main.storyboard in Resources */ = {isa = PBXBuildFile; fileRef = A2DEADF21B9FE68600EDCCBA /* Main.storyboard */; };
		A2DEADF61B9FE68600EDCCBA /* Images.xcassets in Resources */ = {isa = PBXBuildFile; fileRef = A2DEADF51B9FE68600EDCCBA /* Images.xcassets */; };
		A2DEADF91B9FE68600EDCCBA /* LaunchScreen.xib in Resources */ = {isa = PBXBuildFile; fileRef = A2DEADF71B9FE68600EDCCBA /* LaunchScreen.xib */; };
		A2DEAE051B9FE68600EDCCBA /* npTests.m in Sources */ = {isa = PBXBuildFile; fileRef = A2DEAE041B9FE68600EDCCBA /* npTests.m */; };
/* End PBXBuildFile section */

/* Begin PBXContainerItemProxy section */
		A2DEADFF1B9FE68600EDCCBA /* PBXContainerItemProxy */ = {
			isa = PBXContainerItemProxy;
			containerPortal = A2DEADDD1B9FE68600EDCCBA /* Project object */;
			proxyType = 1;
			remoteGlobalIDString = A2DEADE41B9FE68600EDCCBA;
			remoteInfo = np;
		};
/* End PBXContainerItemProxy section */

/* Begin PBXFileReference section */
		A2DEADE51B9FE68600EDCCBA /* np.app */ = {isa = PBXFileReference; explicitFileType = wrapper.application; includeInIndex = 0; path = np.app; sourceTree = BUILT_PRODUCTS_DIR; };
		A2DEADE91B9FE68600EDCCBA /* Info.plist */ = {isa = PBXFileReference; lastKnownFileType = text.plist.xml; path = Info.plist; sourceTree = "<group>"; };
		A2DEADEA1B9FE68600EDCCBA /* main.m */ = {isa = PBXFileReference; lastKnownFileType = sourcecode.c.objc; path = main.m; sourceTree = "<group>"; };
		A2DEADEC1B9FE68600EDCCBA /* AppDelegate.h */ = {isa = PBXFileReference; lastKnownFileType = sourcecode.c.h; path = AppDelegate.h; sourceTree = "<group>"; };
		A2DEADED1B9FE68600EDCCBA /* AppDelegate.m */ = {isa = PBXFileReference; lastKnownFileType = sourcecode.c.objc; path = AppDelegate.m; sourceTree = "<group>"; };
		A2DEADEF1B9FE68600EDCCBA /* ViewController.h */ = {isa = PBXFileReference; lastKnownFileType = sourcecode.c.h; path = ViewController.h; sourceTree = "<group>"; };
		A2DEADF01B9FE68600EDCCBA /* ViewController.m */ = {isa = PBXFileReference; lastKnownFileType = sourcecode.c.objc; path = ViewController.m; sourceTree = "<group>"; };
		A2DEADF31B9FE68600EDCCBA /* Base */ = {isa = PBXFileReference; lastKnownFileType = file.storyboard; name = Base; path = Base.lproj/Main.storyboard; sourceTree = "<group>"; };
		A2DEADF51B9FE68600EDCCBA /* Images.xcassets */ = {isa = PBXFileReference; lastKnownFileType = folder.assetcatalog; path = Images.xcassets; sourceTree = "<group>"; };
		A2DEADF81B9FE68600EDCCBA /* Base */ = {isa = PBXFileReference; lastKnownFileType = file.xib; name = Base; path = Base.lproj/LaunchScreen.xib; sourceTree = "<group>"; };
		A2DEADFE1B9FE68600EDCCBA /* npTests.xctest */ = {isa = PBXFileReference; explicitFileType = wrapper.cfbundle; includeInIndex = 0; path = npTests.xctest; sourceTree = BUILT_PRODUCTS_DIR; };
		A2DEAE031B9FE68600EDCCBA /* Info.plist */ = {isa = PBXFileReference; lastKnownFileType = text.plist.xml; path = Info.plist; sourceTree = "<group>"; };
		A2DEAE041B9FE68600EDCCBA /* npTests.m */ = {isa = PBXFileReference; lastKnownFileType = sourcecode.c.objc; path = npTests.m; sourceTree = "<group>"; };
/* End PBXFileReference section */

/* Begin PBXFrameworksBuildPhase section */
		A2DEADE21B9FE68600EDCCBA /* Frameworks */ = {
			isa = PBXFrameworksBuildPhase;
			buildActionMask = 2147483647;
			files = (
			);
			runOnlyForDeploymentPostprocessing = 0;
		};
		A2DEADFB1B9FE68600EDCCBA /* Frameworks */ = {
			isa = PBXFrameworksBuildPhase;
			buildActionMask = 2147483647;
			files = (
			);
			runOnlyForDeploymentPostprocessing = 0;
		};
/* End PBXFrameworksBuildPhase section */

/* Begin PBXGroup section */
		A2DEADDC1B9FE68600EDCCBA = {
			isa = PBXGroup;
			children = (
				A2DEADE71B9FE68600EDCCBA /* np */,
				A2DEAE011B9FE68600EDCCBA /* npTests */,
				A2DEADE61B9FE68600EDCCBA /* Products */,
			);
			sourceTree = "<group>";
		};
		A2DEADE61B9FE68600EDCCBA /* Products */ = {
			isa = PBXGroup;
			children = (
				A2DEADE51B9FE68600EDCCBA /* np.app */,
				A2DEADFE1B9FE68600EDCCBA /* npTests.xctest */,
			);
			name = Products;
			sourceTree = "<group>";
		};
		A2DEADE71B9FE68600EDCCBA /* np */ = {
			isa = PBXGroup;
			children = (
				A2DEADEC1B9FE68600EDCCBA /* AppDelegate.h */,
				A2DEADED1B9FE68600EDCCBA /* AppDelegate.m */,
				A2DEADEF1B9FE68600EDCCBA /* ViewController.h */,
				A2DEADF01B9FE68600EDCCBA /* ViewController.m */,
				A2DEADF21B9FE68600EDCCBA /* Main.storyboard */,
				A2DEADF51B9FE68600EDCCBA /* Images.xcassets */,
				A2DEADF71B9FE68600EDCCBA /* LaunchScreen.xib */,
				A2DEADE81B9FE68600EDCCBA /* Supporting Files */,
			);
			path = np;
			sourceTree = "<group>";
		};
		A2DEADE81B9FE68600EDCCBA /* Supporting Files */ = {
			isa = PBXGroup;
			children = (
				A2DEADE91B9FE68600EDCCBA /* Info.plist */,
				A2DEADEA1B9FE68600EDCCBA /* main.m */,
			);
			name = "Supporting Files";
			sourceTree = "<group>";
		};
		A2DEAE011B9FE68600EDCCBA /* npTests */ = {
			isa = PBXGroup;
			children = (
				A2DEAE041B9FE68600EDCCBA /* npTests.m */,
				A2DEAE021B9FE68600EDCCBA /* Supporting Files */,
			);
			path = npTests;
			sourceTree = "<group>";
		};
		A2DEAE021B9FE68600EDCCBA /* Supporting Files */ = {
			isa = PBXGroup;
			children = (
				A2DEAE031B9FE68600EDCCBA /* Info.plist */,
			);
			name = "Supporting Files";
			sourceTree = "<group>";
		};
/* End PBXGroup section */

/* Begin PBXNativeTarget section */
		A2DEADE41B9FE68600EDCCBA /* np */ = {
			isa = PBXNativeTarget;
			buildConfigurationList = A2DEAE081B9FE68600EDCCBA /* Build configuration list for PBXNativeTarget "np" */;
			buildPhases = (
				A2DEADE11B9FE68600EDCCBA /* Sources */,
				A2DEADE21B9FE68600EDCCBA /* Frameworks */,
				A2DEADE31B9FE68600EDCCBA /* Resources */,
			);
			buildRules = (
			);
			dependencies = (
			);
			name = np;
			productName = np;
			productReference = A2DEADE51B9FE68600EDCCBA /* np.app */;
			productType = "com.apple.product-type.application";
		};
		A2DEADFD1B9FE68600EDCCBA /* npTests */ = {
			isa = PBXNativeTarget;
			buildConfigurationList = A2DEAE0B1B9FE68600EDCCBA /* Build configuration list for PBXNativeTarget "npTests" */;
			buildPhases = (
				A2DEADFA1B9FE68600EDCCBA /* Sources */,
				A2DEADFB1B9FE68600EDCCBA /* Frameworks */,
				A2DEADFC1B9FE68600EDCCBA /* Resources */,
			);
			buildRules = (
			);
			dependencies = (
				A2DEAE001B9FE68600EDCCBA /* PBXTargetDependency */,
			);
			name = npTests;
			productName = npTests;
			productReference = A2DEADFE1B9FE68600EDCCBA /* npTests.xctest */;
			productType = "com.apple.product-type.bundle.unit-test";
		};
/* End PBXNativeTarget section */

/* Begin PBXProject section */
		A2DEADDD1B9FE68600EDCCBA /* Project object */ = {
			isa = PBXProject;
			attributes = {
				LastUpgradeCheck = 0640;
				ORGANIZATIONNAME = Infobank1;
				TargetAttributes = {
					A2DEADE41B9FE68600EDCCBA = {
						CreatedOnToolsVersion = 6.4;
					};
					A2DEADFD1B9FE68600EDCCBA = {
						CreatedOnToolsVersion = 6.4;
						TestTargetID = A2DEADE41B9FE68600EDCCBA;
					};
				};
			};
			buildConfigurationList = A2DEADE01B9FE68600EDCCBA /* Build configuration list for PBXProject "np" */;
			compatibilityVersion = "Xcode 3.2";
			developmentRegion = English;
			hasScannedForEncodings = 0;
			knownRegions = (
				en,
				Base,
			);
			mainGroup = A2DEADDC1B9FE68600EDCCBA;
			productRefGroup = A2DEADE61B9FE68600EDCCBA /* Products */;
			projectDirPath = "";
			projectRoot = "";
			targets = (
				A2DEADE41B9FE68600EDCCBA /* np */,
				A2DEADFD1B9FE68600EDCCBA /* npTests */,
			);
		};
/* End PBXProject section */

/* Begin PBXResourcesBuildPhase section */
		A2DEADE31B9FE68600EDCCBA /* Resources */ = {
			isa = PBXResourcesBuildPhase;
			buildActionMask = 2147483647;
			files = (
				A2DEADF41B9FE68600EDCCBA /* Main.storyboard in Resources */,
				A2DEADF91B9FE68600EDCCBA /* LaunchScreen.xib in Resources */,
				A2DEADF61B9FE68600EDCCBA /* Images.xcassets in Resources */,
			);
			runOnlyForDeploymentPostprocessing = 0;
		};
		A2DEADFC1B9FE68600EDCCBA /* Resources */ = {
			isa = PBXResourcesBuildPhase;
			buildActionMask = 2147483647;
			files = (
			);
			runOnlyForDeploymentPostprocessing = 0;
		};
/* End PBXResourcesBuildPhase section */

/* Begin PBXSourcesBuildPhase section */
		A2DEADE11B9FE68600EDCCBA /* Sources */ = {
			isa = PBXSourcesBuildPhase;
			buildActionMask = 2147483647;
			files = (
				A2DEADF11B9FE68600EDCCBA /* ViewController.m in Sources */,
				A2DEADEE1B9FE68600EDCCBA /* AppDelegate.m in Sources */,
				A2DEADEB1B9FE68600EDCCBA /* main.m in Sources */,
			);
			runOnlyForDeploymentPostprocessing = 0;
		};
		A2DEADFA1B9FE68600EDCCBA /* Sources */ = {
			isa = PBXSourcesBuildPhase;
			buildActionMask = 2147483647;
			files = (
				A2DEAE051B9FE68600EDCCBA /* npTests.m in Sources */,
			);
			runOnlyForDeploymentPostprocessing = 0;
		};
/* End PBXSourcesBuildPhase section */

/* Begin PBXTargetDependency section */
		A2DEAE001B9FE68600EDCCBA /* PBXTargetDependency */ = {
			isa = PBXTargetDependency;
			target = A2DEADE41B9FE68600EDCCBA /* np */;
			targetProxy = A2DEADFF1B9FE68600EDCCBA /* PBXContainerItemProxy */;
		};
/* End PBXTargetDependency section */

/* Begin PBXVariantGroup section */
		A2DEADF21B9FE68600EDCCBA /* Main.storyboard */ = {
			isa = PBXVariantGroup;
			children = (
				A2DEADF31B9FE68600EDCCBA /* Base */,
			);
			name = Main.storyboard;
			sourceTree = "<group>";
		};
		A2DEADF71B9FE68600EDCCBA /* LaunchScreen.xib */ = {
			isa = PBXVariantGroup;
			children = (
				A2DEADF81B9FE68600EDCCBA /* Base */,
			);
			name = LaunchScreen.xib;
			sourceTree = "<group>";
		};
/* End PBXVariantGroup section */

/* Begin XCBuildConfiguration section */
		A2DEAE061B9FE68600EDCCBA /* Debug */ = {
			isa = XCBuildConfiguration;
			buildSettings = {
				ALWAYS_SEARCH_USER_PATHS = NO;
				CLANG_CXX_LANGUAGE_STANDARD = "gnu++0x";
				CLANG_CXX_LIBRARY = "libc++";
				CLANG_ENABLE_MODULES = YES;
				CLANG_ENABLE_OBJC_ARC = YES;
				CLANG_WARN_BOOL_CONVERSION = YES;
				CLANG_WARN_CONSTANT_CONVERSION = YES;
				CLANG_WARN_DIRECT_OBJC_ISA_USAGE = YES_ERROR;
				CLANG_WARN_EMPTY_BODY = YES;
				CLANG_WARN_ENUM_CONVERSION = YES;
				CLANG_WARN_INT_CONVERSION = YES;
				CLANG_WARN_OBJC_ROOT_CLASS = YES_ERROR;
				CLANG_WARN_UNREACHABLE_CODE = YES;
				CLANG_WARN__DUPLICATE_METHOD_MATCH = YES;
				"CODE_SIGN_IDENTITY[sdk=iphoneos*]" = "iPhone Developer";
				COPY_PHASE_STRIP = NO;
				DEBUG_INFORMATION_FORMAT = "dwarf-with-dsym";
				ENABLE_STRICT_OBJC_MSGSEND = YES;
				GCC_C_LANGUAGE_STANDARD = gnu99;
				GCC_DYNAMIC_NO_PIC = NO;
				GCC_NO_COMMON_BLOCKS = YES;
				GCC_OPTIMIZATION_LEVEL = 0;
				GCC_PREPROCESSOR_DEFINITIONS = (
					"DEBUG=1",
					"$(inherited)",
				);
				GCC_SYMBOLS_PRIVATE_EXTERN = NO;
				GCC_WARN_64_TO_32_BIT_CONVERSION = YES;
				GCC_WARN_ABOUT_RETURN_TYPE = YES_ERROR;
				GCC_WARN_UNDECLARED_SELECTOR = YES;
				GCC_WARN_UNINITIALIZED_AUTOS = YES_AGGRESSIVE;
				GCC_WARN_UNUSED_FUNCTION = YES;
				GCC_WARN_UNUSED_VARIABLE = YES;
				IPHONEOS_DEPLOYMENT_TARGET = 8.4;
				MTL_ENABLE_DEBUG_INFO = YES;
				ONLY_ACTIVE_ARCH = YES;
				SDKROOT = iphoneos;
				TARGETED_DEVICE_FAMILY = "1,2";
			};
			name = Debug;
		};
		A2DEAE071B9FE68600EDCCBA /* Release */ = {
			isa = XCBuildConfiguration;
			buildSettings = {
				ALWAYS_SEARCH_USER_PATHS = NO;
				CLANG_CXX_LANGUAGE_STANDARD = "gnu++0x";
				CLANG_CXX_LIBRARY = "libc++";
				CLANG_ENABLE_MODULES = YES;
				CLANG_ENABLE_OBJC_ARC = YES;
				CLANG_WARN_BOOL_CONVERSION = YES;
				CLANG_WARN_CONSTANT_CONVERSION = YES;
				CLANG_WARN_DIRECT_OBJC_ISA_USAGE = YES_ERROR;
				CLANG_WARN_EMPTY_BODY = YES;
				CLANG_WARN_ENUM_CONVERSION = YES;
				CLANG_WARN_INT_CONVERSION = YES;
				CLANG_WARN_OBJC_ROOT_CLASS = YES_ERROR;
				CLANG_WARN_UNREACHABLE_CODE = YES;
				CLANG_WARN__DUPLICATE_METHOD_MATCH = YES;
				"CODE_SIGN_IDENTITY[sdk=iphoneos*]" = "iPhone Developer";
				COPY_PHASE_STRIP = NO;
				DEBUG_INFORMATION_FORMAT = "dwarf-with-dsym";
				ENABLE_NS_ASSERTIONS = NO;
				ENABLE_STRICT_OBJC_MSGSEND = YES;
				GCC_C_LANGUAGE_STANDARD = gnu99;
				GCC_NO_COMMON_BLOCKS = YES;
				GCC_WARN_64_TO_32_BIT_CONVERSION = YES;
				GCC_WARN_ABOUT_RETURN_TYPE = YES_ERROR;
				GCC_WARN_UNDECLARED_SELECTOR = YES;
				GCC_WARN_UNINITIALIZED_AUTOS = YES_AGGRESSIVE;
				GCC_WARN_UNUSED_FUNCTION = YES;
				GCC_WARN_UNUSED_VARIABLE = YES;
				IPHONEOS_DEPLOYMENT_TARGET = 8.4;
				MTL_ENABLE_DEBUG_INFO = NO;
				SDKROOT = iphoneos;
				TARGETED_DEVICE_FAMILY = "1,2";
				VALIDATE_PRODUCT = YES;
			};
			name = Release;
		};
		A2DEAE091B9FE68600EDCCBA /* Debug */ = {
			isa = XCBuildConfiguration;
			buildSettings = {
				ASSETCATALOG_COMPILER_APPICON_NAME = AppIcon;
				INFOPLIST_FILE = np/Info.plist;
				LD_RUNPATH_SEARCH_PATHS = "$(inherited) @executable_path/Frameworks";
				PRODUCT_NAME = "$(TARGET_NAME)";
			};
			name = Debug;
		};
		A2DEAE0A1B9FE68600EDCCBA /* Release */ = {
			isa = XCBuildConfiguration;
			buildSettings = {
				ASSETCATALOG_COMPILER_APPICON_NAME = AppIcon;
				INFOPLIST_FILE = np/Info.plist;
				LD_RUNPATH_SEARCH_PATHS = "$(inherited) @executable_path/Frameworks";
				PRODUCT_NAME = "$(TARGET_NAME)";
			};
			name = Release;
		};
		A2DEAE0C1B9FE68600EDCCBA /* Debug */ = {
			isa = XCBuildConfiguration;
			buildSettings = {
				BUNDLE_LOADER = "$(TEST_HOST)";
				FRAMEWORK_SEARCH_PATHS = (
					"$(SDKROOT)/Developer/Library/Frameworks",
					"$(inherited)",
				);
				GCC_PREPROCESSOR_DEFINITIONS = (
					"DEBUG=1",
					"$(inherited)",
				);
				INFOPLIST_FILE = npTests/Info.plist;
				LD_RUNPATH_SEARCH_PATHS = "$(inherited) @executable_path/Frameworks @loader_path/Frameworks";
				PRODUCT_NAME = "$(TARGET_NAME)";
				TEST_HOST = "$(BUILT_PRODUCTS_DIR)/np.app/np";
			};
			name = Debug;
		};
		A2DEAE0D1B9FE68600EDCCBA /* Release */ = {
			isa = XCBuildConfiguration;
			buildSettings = {
				BUNDLE_LOADER = "$(TEST_HOST)";
				FRAMEWORK_SEARCH_PATHS = (
					"$(SDKROOT)/Developer/Library/Frameworks",
					"$(inherited)",
				);
				INFOPLIST_FILE = npTests/Info.plist;
				LD_RUNPATH_SEARCH_PATHS = "$(inherited) @executable_path/Frameworks @loader_path/Frameworks";
				PRODUCT_NAME = "$(TARGET_NAME)";
				TEST_HOST = "$(BUILT_PRODUCTS_DIR)/np.app/np";
			};
			name = Release;
		};
/* End XCBuildConfiguration section */

/* Begin XCConfigurationList section */
		A2DEADE01B9FE68600EDCCBA /* Build configuration list for PBXProject "np" */ = {
			isa = XCConfigurationList;
			buildConfigurations = (
				A2DEAE061B9FE68600EDCCBA /* Debug */,
				A2DEAE071B9FE68600EDCCBA /* Release */,
			);
			defaultConfigurationIsVisible = 0;
			defaultConfigurationName = Release;
		};
		A2DEAE081B9FE68600EDCCBA /* Build configuration list for PBXNativeTarget "np" */ = {
			isa = XCConfigurationList;
			buildConfigurations = (
				A2DEAE091B9FE68600EDCCBA /* Debug */,
				A2DEAE0A1B9FE68600EDCCBA /* Release */,
			);
			defaultConfigurationIsVisible = 0;
		};
		A2DEAE0B1B9FE68600EDCCBA /* Build configuration list for PBXNativeTarget "npTests" */ = {
			isa = XCConfigurationList;
			buildConfigurations = (
				A2DEAE0C1B9FE68600EDCCBA /* Debug */,
				A2DEAE0D1B9FE68600EDCCBA /* Release */,
			);
			defaultConfigurationIsVisible = 0;
		};
/* End XCConfigurationList section */
	};
	rootObject = A2DEADDD1B9FE68600EDCCBA /* Project object */;
}
